
Microsoft Visual Studio Solution File, Format Version 12.00
# Visual Studio Version 17
VisualStudioVersion = 17.5.33424.131
MinimumVisualStudioVersion = 10.0.40219.1
Project("{8BC9CEB8-8B4A-11D0-8D11-00A0C91BC942}") = "przykladowekol1_zad2", "przykladowekol1_zad2\przykladowekol1_zad2.vcxproj", "{7EABB2B4-2DE2-4519-BB75-A60AE6FAEC26}"
EndProject
Global
	GlobalSection(SolutionConfigurationPlatforms) = preSolution
		Debug|x64 = Debug|x64
		Debug|x86 = Debug|x86
		Release|x64 = Release|x64
		Release|x86 = Release|x86
	EndGlobalSection
	GlobalSection(ProjectConfigurationPlatforms) = postSolution
		{7EABB2B4-2DE2-4519-BB75-A60AE6FAEC26}.Debug|x64.ActiveCfg = Debug|x64
		{7EABB2B4-2DE2-4519-BB75-A60AE6FAEC26}.Debug|x64.Build.0 = Debug|x64
		{7EABB2B4-2DE2-4519-BB75-A60AE6FAEC26}.Debug|x86.ActiveCfg = Debug|Win32
		{7EABB2B4-2DE2-4519-BB75-A60AE6FAEC26}.Debug|x86.Build.0 = Debug|Win32
		{7EABB2B4-2DE2-4519-BB75-A60AE6FAEC26}.Release|x64.ActiveCfg = Release|x64
		{7EABB2B4-2DE2-4519-BB75-A60AE6FAEC26}.Release|x64.Build.0 = Release|x64
		{7EABB2B4-2DE2-4519-BB75-A60AE6FAEC26}.Release|x86.ActiveCfg = Release|Win32
		{7EABB2B4-2DE2-4519-BB75-A60AE6FAEC26}.Release|x86.Build.0 = Release|Win32
	EndGlobalSection
	GlobalSection(SolutionProperties) = preSolution
		HideSolutionNode = FALSE
	EndGlobalSection
	GlobalSection(ExtensibilityGlobals) = postSolution
		SolutionGuid = {B4053368-7483-417D-A8CC-46C135648977}
	EndGlobalSection
EndGlobal
